// !$*UTF8*$!
{
	archiveVersion = 1;
	classes = {
	};
	objectVersion = 46;
	objects = {

/* Begin PBXBuildFile section */
		9CA93DB81EBBB77500DD2CEA /* AppDelegate.swift in Sources */ = {isa = PBXBuildFile; fileRef = 9CA93DB71EBBB77500DD2CEA /* AppDelegate.swift */; };
		9CA93DBA1EBBB77500DD2CEA /* ViewController.swift in Sources */ = {isa = PBXBuildFile; fileRef = 9CA93DB91EBBB77500DD2CEA /* ViewController.swift */; };
		9CA93DBD1EBBB77500DD2CEA /* Main.storyboard in Resources */ = {isa = PBXBuildFile; fileRef = 9CA93DBB1EBBB77500DD2CEA /* Main.storyboard */; };
		9CA93DBF1EBBB77500DD2CEA /* Assets.xcassets in Resources */ = {isa = PBXBuildFile; fileRef = 9CA93DBE1EBBB77500DD2CEA /* Assets.xcassets */; };
		9CA93DC21EBBB77500DD2CEA /* LaunchScreen.storyboard in Resources */ = {isa = PBXBuildFile; fileRef = 9CA93DC01EBBB77500DD2CEA /* LaunchScreen.storyboard */; };
		9CA93DCA1EBBB7E100DD2CEA /* SimpleFlipView.swift in Sources */ = {isa = PBXBuildFile; fileRef = 9CA93DC91EBBB7E100DD2CEA /* SimpleFlipView.swift */; };
/* End PBXBuildFile section */

/* Begin PBXFileReference section */
		9CA93DB41EBBB77500DD2CEA /* SimpleFlipView.app */ = {isa = PBXFileReference; explicitFileType = wrapper.application; includeInIndex = 0; path = SimpleFlipView.app; sourceTree = BUILT_PRODUCTS_DIR; };
		9CA93DB71EBBB77500DD2CEA /* AppDelegate.swift */ = {isa = PBXFileReference; lastKnownFileType = sourcecode.swift; path = AppDelegate.swift; sourceTree = "<group>"; };
		9CA93DB91EBBB77500DD2CEA /* ViewController.swift */ = {isa = PBXFileReference; lastKnownFileType = sourcecode.swift; path = ViewController.swift; sourceTree = "<group>"; };
		9CA93DBC1EBBB77500DD2CEA /* Base */ = {isa = PBXFileReference; lastKnownFileType = file.storyboard; name = Base; path = Base.lproj/Main.storyboard; sourceTree = "<group>"; };
		9CA93DBE1EBBB77500DD2CEA /* Assets.xcassets */ = {isa = PBXFileReference; lastKnownFileType = folder.assetcatalog; path = Assets.xcassets; sourceTree = "<group>"; };
		9CA93DC11EBBB77500DD2CEA /* Base */ = {isa = PBXFileReference; lastKnownFileType = file.storyboard; name = Base; path = Base.lproj/LaunchScreen.storyboard; sourceTree = "<group>"; };
		9CA93DC31EBBB77500DD2CEA /* Info.plist */ = {isa = PBXFileReference; lastKnownFileType = text.plist.xml; path = Info.plist; sourceTree = "<group>"; };
		9CA93DC91EBBB7E100DD2CEA /* SimpleFlipView.swift */ = {isa = PBXFileReference; fileEncoding = 4; lastKnownFileType = sourcecode.swift; path = SimpleFlipView.swift; sourceTree = "<group>"; };
/* End PBXFileReference section */

/* Begin PBXFrameworksBuildPhase section */
		9CA93DB11EBBB77500DD2CEA /* Frameworks */ = {
			isa = PBXFrameworksBuildPhase;
			buildActionMask = 2147483647;
			files = (
			);
			runOnlyForDeploymentPostprocessing = 0;
		};
/* End PBXFrameworksBuildPhase section */

/* Begin PBXGroup section */
		9CA93DAB1EBBB77500DD2CEA = {
			isa = PBXGroup;
			children = (
				9CA93DB61EBBB77500DD2CEA /* SimpleFlipView */,
				9CA93DB51EBBB77500DD2CEA /* Products */,
			);
			sourceTree = "<group>";
		};
		9CA93DB51EBBB77500DD2CEA /* Products */ = {
			isa = PBXGroup;
			children = (
				9CA93DB41EBBB77500DD2CEA /* SimpleFlipView.app */,
			);
			name = Products;
			sourceTree = "<group>";
		};
		9CA93DB61EBBB77500DD2CEA /* SimpleFlipView */ = {
			isa = PBXGroup;
			children = (
				9CA93DB71EBBB77500DD2CEA /* AppDelegate.swift */,
				9CA93DB91EBBB77500DD2CEA /* ViewController.swift */,
				9CA93DBB1EBBB77500DD2CEA /* Main.storyboard */,
				9CA93DBE1EBBB77500DD2CEA /* Assets.xcassets */,
				9CA93DC01EBBB77500DD2CEA /* LaunchScreen.storyboard */,
				9CA93DC31EBBB77500DD2CEA /* Info.plist */,
				9CA93DC91EBBB7E100DD2CEA /* SimpleFlipView.swift */,
			);
			path = SimpleFlipView;
			sourceTree = "<group>";
		};
/* End PBXGroup section */

/* Begin PBXNativeTarget section */
		9CA93DB31EBBB77500DD2CEA /* SimpleFlipView */ = {
			isa = PBXNativeTarget;
			buildConfigurationList = 9CA93DC61EBBB77500DD2CEA /* Build configuration list for PBXNativeTarget "SimpleFlipView" */;
			buildPhases = (
				9CA93DB01EBBB77500DD2CEA /* Sources */,
				9CA93DB11EBBB77500DD2CEA /* Frameworks */,
				9CA93DB21EBBB77500DD2CEA /* Resources */,
			);
			buildRules = (
			);
			dependencies = (
			);
			name = SimpleFlipView;
			productName = SimpleFlipView;
			productReference = 9CA93DB41EBBB77500DD2CEA /* SimpleFlipView.app */;
			productType = "com.apple.product-type.application";
		};
/* End PBXNativeTarget section */

/* Begin PBXProject section */
		9CA93DAC1EBBB77500DD2CEA /* Project object */ = {
			isa = PBXProject;
			attributes = {
				LastSwiftUpdateCheck = 0830;
				LastUpgradeCheck = 1120;
				ORGANIZATIONNAME = "Javal Nanda";
				TargetAttributes = {
					9CA93DB31EBBB77500DD2CEA = {
						CreatedOnToolsVersion = 8.3.2;
						ProvisioningStyle = Automatic;
					};
				};
			};
			buildConfigurationList = 9CA93DAF1EBBB77500DD2CEA /* Build configuration list for PBXProject "SimpleFlipView" */;
			compatibilityVersion = "Xcode 3.2";
			developmentRegion = en;
			hasScannedForEncodings = 0;
			knownRegions = (
				en,
				Base,
			);
			mainGroup = 9CA93DAB1EBBB77500DD2CEA;
			productRefGroup = 9CA93DB51EBBB77500DD2CEA /* Products */;
			projectDirPath = "";
			projectRoot = "";
			targets = (
				9CA93DB31EBBB77500DD2CEA /* SimpleFlipView */,
			);
		};
/* End PBXProject section */

/* Begin PBXResourcesBuildPhase section */
		9CA93DB21EBBB77500DD2CEA /* Resources */ = {
			isa = PBXResourcesBuildPhase;
			buildActionMask = 2147483647;
			files = (
				9CA93DC21EBBB77500DD2CEA /* LaunchScreen.storyboard in Resources */,
				9CA93DBF1EBBB77500DD2CEA /* Assets.xcassets in Resources */,
				9CA93DBD1EBBB77500DD2CEA /* Main.storyboard in Resources */,
			);
			runOnlyForDeploymentPostprocessing = 0;
		};
/* End PBXResourcesBuildPhase section */

/* Begin PBXSourcesBuildPhase section */
		9CA93DB01EBBB77500DD2CEA /* Sources */ = {
			isa = PBXSourcesBuildPhase;
			buildActionMask = 2147483647;
			files = (
				9CA93DBA1EBBB77500DD2CEA /* ViewController.swift in Sources */,
				9CA93DCA1EBBB7E100DD2CEA /* SimpleFlipView.swift in Sources */,
				9CA93DB81EBBB77500DD2CEA /* AppDelegate.swift in Sources */,
			);
			runOnlyForDeploymentPostprocessing = 0;
		};
/* End PBXSourcesBuildPhase section */

/* Begin PBXVariantGroup section */
		9CA93DBB1EBBB77500DD2CEA /* Main.storyboard */ = {
			isa = PBXVariantGroup;
			children = (
				9CA93DBC1EBBB77500DD2CEA /* Base */,
			);
			name = Main.storyboard;
			sourceTree = "<group>";
		};
		9CA93DC01EBBB77500DD2CEA /* LaunchScreen.storyboard */ = {
			isa = PBXVariantGroup;
			children = (
				9CA93DC11EBBB77500DD2CEA /* Base */,
			);
			name = LaunchScreen.storyboard;
			sourceTree = "<group>";
		};
/* End PBXVariantGroup section */

/* Begin XCBuildConfiguration section */
		9CA93DC41EBBB77500DD2CEA /* Debug */ = {
			isa = XCBuildConfiguration;
			buildSettings = {
				ALWAYS_SEARCH_USER_PATHS = NO;
				CLANG_ANALYZER_LOCALIZABILITY_NONLOCALIZED = YES;
				CLANG_ANALYZER_NONNULL = YES;
				CLANG_ANALYZER_NUMBER_OBJECT_CONVERSION = YES_AGGRESSIVE;
				CLANG_CXX_LANGUAGE_STANDARD = "gnu++0x";
				CLANG_CXX_LIBRARY = "libc++";
				CLANG_ENABLE_MODULES = YES;
				CLANG_ENABLE_OBJC_ARC = YES;
				CLANG_WARN_BLOCK_CAPTURE_AUTORELEASING = YES;
				CLANG_WARN_BOOL_CONVERSION = YES;
				CLANG_WARN_COMMA = YES;
				CLANG_WARN_CONSTANT_CONVERSION = YES;
				CLANG_WARN_DEPRECATED_OBJC_IMPLEMENTATIONS = YES;
				CLANG_WARN_DIRECT_OBJC_ISA_USAGE = YES_ERROR;
				CLANG_WARN_DOCUMENTATION_COMMENTS = YES;
				CLANG_WARN_EMPTY_BODY = YES;
				CLANG_WARN_ENUM_CONVERSION = YES;
				CLANG_WARN_INFINITE_RECURSION = YES;
				CLANG_WARN_INT_CONVERSION = YES;
				CLANG_WARN_NON_LITERAL_NULL_CONVERSION = YES;
				CLANG_WARN_OBJC_IMPLICIT_RETAIN_SELF = YES;
				CLANG_WARN_OBJC_LITERAL_CONVERSION = YES;
				CLANG_WARN_OBJC_ROOT_CLASS = YES_ERROR;
				CLANG_WARN_RANGE_LOOP_ANALYSIS = YES;
				CLANG_WARN_STRICT_PROTOTYPES = YES;
				CLANG_WARN_SUSPICIOUS_MOVE = YES;
				CLANG_WARN_UNREACHABLE_CODE = YES;
				CLANG_WARN__DUPLICATE_METHOD_MATCH = YES;
				"CODE_SIGN_IDENTITY[sdk=iphoneos*]" = "iPhone Developer";
				COPY_PHASE_STRIP = NO;
				DEBUG_INFORMATION_FORMAT = dwarf;
				ENABLE_STRICT_OBJC_MSGSEND = YES;
				ENABLE_TESTABILITY = YES;
				GCC_C_LANGUAGE_STANDARD = gnu99;
				GCC_DYNAMIC_NO_PIC = NO;
				GCC_NO_COMMON_BLOCKS = YES;
				GCC_OPTIMIZATION_LEVEL = 0;
				GCC_PREPROCESSOR_DEFINITIONS = (
					"DEBUG=1",
					"$(inherited)",
				);
				GCC_WARN_64_TO_32_BIT_CONVERSION = YES;
				GCC_WARN_ABOUT_RETURN_TYPE = YES_ERROR;
				GCC_WARN_UNDECLARED_SELECTOR = YES;
				GCC_WARN_UNINITIALIZED_AUTOS = YES_AGGRESSIVE;
				GCC_WARN_UNUSED_FUNCTION = YES;
				GCC_WARN_UNUSED_VARIABLE = YES;
				IPHONEOS_DEPLOYMENT_TARGET = 10.3;
				MTL_ENABLE_DEBUG_INFO = YES;
				ONLY_ACTIVE_ARCH = YES;
				SDKROOT = iphoneos;
				SWIFT_ACTIVE_COMPILATION_CONDITIONS = DEBUG;
				SWIFT_OPTIMIZATION_LEVEL = "-Onone";
			};
			name = Debug;
		};
		9CA93DC51EBBB77500DD2CEA /* Release */ = {
			isa = XCBuildConfiguration;
			buildSettings = {
				ALWAYS_SEARCH_USER_PATHS = NO;
				CLANG_ANALYZER_LOCALIZABILITY_NONLOCALIZED = YES;
				CLANG_ANALYZER_NONNULL = YES;
				CLANG_ANALYZER_NUMBER_OBJECT_CONVERSION = YES_AGGRESSIVE;
				CLANG_CXX_LANGUAGE_STANDARD = "gnu++0x";
				CLANG_CXX_LIBRARY = "libc++";
				CLANG_ENABLE_MODULES = YES;
				CLANG_ENABLE_OBJC_ARC = YES;
				CLANG_WARN_BLOCK_CAPTURE_AUTORELEASING = YES;
				CLANG_WARN_BOOL_CONVERSION = YES;
				CLANG_WARN_COMMA = YES;
				CLANG_WARN_CONSTANT_CONVERSION = YES;
				CLANG_WARN_DEPRECATED_OBJC_IMPLEMENTATIONS = YES;
				CLANG_WARN_DIRECT_OBJC_ISA_USAGE = YES_ERROR;
				CLANG_WARN_DOCUMENTATION_COMMENTS = YES;
				CLANG_WARN_EMPTY_BODY = YES;
				CLANG_WARN_ENUM_CONVERSION = YES;
				CLANG_WARN_INFINITE_RECURSION = YES;
				CLANG_WARN_INT_CONVERSION = YES;
				CLANG_WARN_NON_LITERAL_NULL_CONVERSION = YES;
				CLANG_WARN_OBJC_IMPLICIT_RETAIN_SELF = YES;
				CLANG_WARN_OBJC_LITERAL_CONVERSION = YES;
				CLANG_WARN_OBJC_ROOT_CLASS = YES_ERROR;
				CLANG_WARN_RANGE_LOOP_ANALYSIS = YES;
				CLANG_WARN_STRICT_PROTOTYPES = YES;
				CLANG_WARN_SUSPICIOUS_MOVE = YES;
				CLANG_WARN_UNREACHABLE_CODE = YES;
				CLANG_WARN__DUPLICATE_METHOD_MATCH = YES;
				"CODE_SIGN_IDENTITY[sdk=iphoneos*]" = "iPhone Developer";
				COPY_PHASE_STRIP = NO;
				DEBUG_INFORMATION_FORMAT = "dwarf-with-dsym";
				ENABLE_NS_ASSERTIONS = NO;
				ENABLE_STRICT_OBJC_MSGSEND = YES;
				GCC_C_LANGUAGE_STANDARD = gnu99;
				GCC_NO_COMMON_BLOCKS = YES;
				GCC_WARN_64_TO_32_BIT_CONVERSION = YES;
				GCC_WARN_ABOUT_RETURN_TYPE = YES_ERROR;
				GCC_WARN_UNDECLARED_SELECTOR = YES;
				GCC_WARN_UNINITIALIZED_AUTOS = YES_AGGRESSIVE;
				GCC_WARN_UNUSED_FUNCTION = YES;
				GCC_WARN_UNUSED_VARIABLE = YES;
				IPHONEOS_DEPLOYMENT_TARGET = 10.3;
				MTL_ENABLE_DEBUG_INFO = NO;
				SDKROOT = iphoneos;
				SWIFT_OPTIMIZATION_LEVEL = "-Owholemodule";
				VALIDATE_PRODUCT = YES;
			};
			name = Release;
		};
		9CA93DC71EBBB77500DD2CEA /* Debug */ = {
			isa = XCBuildConfiguration;
			buildSettings = {
				ASSETCATALOG_COMPILER_APPICON_NAME = AppIcon;
				INFOPLIST_FILE = SimpleFlipView/Info.plist;
				IPHONEOS_DEPLOYMENT_TARGET = 8.0;
				LD_RUNPATH_SEARCH_PATHS = "$(inherited) @executable_path/Frameworks";
				PRODUCT_BUNDLE_IDENTIFIER = com.faodailtechnology.SimpleFlipView;
				PRODUCT_NAME = "$(TARGET_NAME)";
				SWIFT_VERSION = 5.0;
			};
			name = Debug;
		};
		9CA93DC81EBBB77500DD2CEA /* Release */ = {
			isa = XCBuildConfiguration;
			buildSettings = {
				ASSETCATALOG_COMPILER_APPICON_NAME = AppIcon;
				INFOPLIST_FILE = SimpleFlipView/Info.plist;
				IPHONEOS_DEPLOYMENT_TARGET = 8.0;
				LD_RUNPATH_SEARCH_PATHS = "$(inherited) @executable_path/Frameworks";
				PRODUCT_BUNDLE_IDENTIFIER = com.faodailtechnology.SimpleFlipView;
				PRODUCT_NAME = "$(TARGET_NAME)";
				SWIFT_VERSION = 5.0;
			};
			name = Release;
		};
/* End XCBuildConfiguration section */

/* Begin XCConfigurationList section */
		9CA93DAF1EBBB77500DD2CEA /* Build configuration list for PBXProject "SimpleFlipView" */ = {
			isa = XCConfigurationList;
			buildConfigurations = (
				9CA93DC41EBBB77500DD2CEA /* Debug */,
				9CA93DC51EBBB77500DD2CEA /* Release */,
			);
			defaultConfigurationIsVisible = 0;
			defaultConfigurationName = Release;
		};
		9CA93DC61EBBB77500DD2CEA /* Build configuration list for PBXNativeTarget "SimpleFlipView" */ = {
			isa = XCConfigurationList;
			buildConfigurations = (
				9CA93DC71EBBB77500DD2CEA /* Debug */,
				9CA93DC81EBBB77500DD2CEA /* Release */,
			);
			defaultConfigurationIsVisible = 0;
			defaultConfigurationName = Release;
		};
/* End XCConfigurationList section */
	};
	rootObject = 9CA93DAC1EBBB77500DD2CEA /* Project object */;
}
